
Microsoft Visual Studio Solution File, Format Version 12.00
# Visual Studio Version 16
VisualStudioVersion = 16.0.31424.327
MinimumVisualStudioVersion = 10.0.40219.1
Project("{9A19103F-16F7-4668-BE54-9A1E7A4F7556}") = "statsProgram", "statsProgram\statsProgram.csproj", "{75F62BB8-AFDC-4D18-8F1B-65E3356E9EFC}"
EndProject
Global
	GlobalSection(SolutionConfigurationPlatforms) = preSolution
		Debug|Any CPU = Debug|Any CPU
		Release|Any CPU = Release|Any CPU
	EndGlobalSection
	GlobalSection(ProjectConfigurationPlatforms) = postSolution
		{75F62BB8-AFDC-4D18-8F1B-65E3356E9EFC}.Debug|Any CPU.ActiveCfg = Debug|Any CPU
		{75F62BB8-AFDC-4D18-8F1B-65E3356E9EFC}.Debug|Any CPU.Build.0 = Debug|Any CPU
		{75F62BB8-AFDC-4D18-8F1B-65E3356E9EFC}.Release|Any CPU.ActiveCfg = Release|Any CPU
		{75F62BB8-AFDC-4D18-8F1B-65E3356E9EFC}.Release|Any CPU.Build.0 = Release|Any CPU
	EndGlobalSection
	GlobalSection(SolutionProperties) = preSolution
		HideSolutionNode = FALSE
	EndGlobalSection
	GlobalSection(ExtensibilityGlobals) = postSolution
		SolutionGuid = {DA1169B3-4FA6-463C-B1E4-85266D8C2F27}
	EndGlobalSection
EndGlobal
